
Microsoft Visual Studio Solution File, Format Version 12.00
# Visual Studio Version 17
VisualStudioVersion = 17.7.34031.279
MinimumVisualStudioVersion = 10.0.40219.1
Project("{FAE04EC0-301F-11D3-BF4B-00C04F79EFBC}") = "KyotoQuiz", "KyotoQuiz.csproj", "{557CEE5B-C5A6-4857-82A4-4E31633877F1}"
EndProject
Project("{FAE04EC0-301F-11D3-BF4B-00C04F79EFBC}") = "QuestionFromCsvApi", "..\QuestionFromCsvApi\QuestionFromCsvApi.csproj", "{40A60729-AE4E-4790-B104-F29737B740C3}"
EndProject
Global
	GlobalSection(SolutionConfigurationPlatforms) = preSolution
		Debug|Any CPU = Debug|Any CPU
		Release|Any CPU = Release|Any CPU
	EndGlobalSection
	GlobalSection(ProjectConfigurationPlatforms) = postSolution
		{557CEE5B-C5A6-4857-82A4-4E31633877F1}.Debug|Any CPU.ActiveCfg = Debug|Any CPU
		{557CEE5B-C5A6-4857-82A4-4E31633877F1}.Debug|Any CPU.Build.0 = Debug|Any CPU
		{557CEE5B-C5A6-4857-82A4-4E31633877F1}.Release|Any CPU.ActiveCfg = Release|Any CPU
		{557CEE5B-C5A6-4857-82A4-4E31633877F1}.Release|Any CPU.Build.0 = Release|Any CPU
		{40A60729-AE4E-4790-B104-F29737B740C3}.Debug|Any CPU.ActiveCfg = Debug|Any CPU
		{40A60729-AE4E-4790-B104-F29737B740C3}.Debug|Any CPU.Build.0 = Debug|Any CPU
		{40A60729-AE4E-4790-B104-F29737B740C3}.Release|Any CPU.ActiveCfg = Release|Any CPU
		{40A60729-AE4E-4790-B104-F29737B740C3}.Release|Any CPU.Build.0 = Release|Any CPU
	EndGlobalSection
	GlobalSection(SolutionProperties) = preSolution
		HideSolutionNode = FALSE
	EndGlobalSection
	GlobalSection(ExtensibilityGlobals) = postSolution
		SolutionGuid = {46EF744E-CDFB-4BFC-B45F-C617754D9D68}
	EndGlobalSection
EndGlobal
